// !$*UTF8*$!
{
	archiveVersion = 1;
	classes = {
	};
	objectVersion = 46;
	objects = {

/* Begin PBXBuildFile section */
		941BE0E6322C46C92454C3A5 /* close@2x.png in Resources */ = {isa = PBXBuildFile; fileRef = 941BEB0B1A4AAC9C993FB6D1 /* close@2x.png */; };
		941BE1F9CB28E5EFEC4C8F05 /* close.png in Resources */ = {isa = PBXBuildFile; fileRef = 941BE4900D642EA02A008575 /* close.png */; };
		941BE4804CDB0734B3BAE3C1 /* trash.png in Resources */ = {isa = PBXBuildFile; fileRef = 941BE6269785EFE662AE5891 /* trash.png */; };
		941BE4FB7C205A2E9E7ABDAD /* UIActionSheet+BlockExtensions.m in Sources */ = {isa = PBXBuildFile; fileRef = 941BE754052AABC6C6CBACD6 /* UIActionSheet+BlockExtensions.m */; };
		941BE537DBE3435D049F24D1 /* trash@2x.png in Resources */ = {isa = PBXBuildFile; fileRef = 941BEEB9C556A8109A9C5341 /* trash@2x.png */; };
		941BE709429525707BC8E56B /* ProcessViewController.m in Sources */ = {isa = PBXBuildFile; fileRef = 941BE747044FF358544F40BD /* ProcessViewController.m */; };
		941BE7A822C2A51F37996217 /* MBProgressHUD.m in Sources */ = {isa = PBXBuildFile; fileRef = 941BEB71E130624FA06BF906 /* MBProgressHUD.m */; };
		941BEC40100F63B3917E36A3 /* createWorkflowBig@2x.png in Resources */ = {isa = PBXBuildFile; fileRef = 941BEDD9B571A598B20D4F74 /* createWorkflowBig@2x.png */; };
		941BED45FF65A86F13E30EA1 /* LaunchWorkflowViewController.m in Sources */ = {isa = PBXBuildFile; fileRef = 941BE52DD548E20F0AFBC832 /* LaunchWorkflowViewController.m */; };
		941BEEEC343785D6F1108E62 /* createWorkflowBig.png in Resources */ = {isa = PBXBuildFile; fileRef = 941BEECB7B3CF40601B6FB88 /* createWorkflowBig.png */; };
		941BEF90BECEFDC651B969B5 /* UIAlertView+BlockExtensions.m in Sources */ = {isa = PBXBuildFile; fileRef = 941BE0658516051FCFE74B1F /* UIAlertView+BlockExtensions.m */; };
		FEEC7F6215BD94870063D7B2 /* UIKit.framework in Frameworks */ = {isa = PBXBuildFile; fileRef = FEEC7F6115BD94870063D7B2 /* UIKit.framework */; };
		FEEC7F6415BD94870063D7B2 /* Foundation.framework in Frameworks */ = {isa = PBXBuildFile; fileRef = FEEC7F6315BD94870063D7B2 /* Foundation.framework */; };
		FEEC7F6615BD94870063D7B2 /* CoreGraphics.framework in Frameworks */ = {isa = PBXBuildFile; fileRef = FEEC7F6515BD94870063D7B2 /* CoreGraphics.framework */; };
		FEEC7F6C15BD94870063D7B2 /* InfoPlist.strings in Resources */ = {isa = PBXBuildFile; fileRef = FEEC7F6A15BD94870063D7B2 /* InfoPlist.strings */; };
		FEEC7F6E15BD94870063D7B2 /* main.m in Sources */ = {isa = PBXBuildFile; fileRef = FEEC7F6D15BD94870063D7B2 /* main.m */; };
		FEEC7F7215BD94870063D7B2 /* AppDelegate.m in Sources */ = {isa = PBXBuildFile; fileRef = FEEC7F7115BD94870063D7B2 /* AppDelegate.m */; };
		FEEC7F7515BD94870063D7B2 /* RootTabBarViewController.m in Sources */ = {isa = PBXBuildFile; fileRef = FEEC7F7415BD94870063D7B2 /* RootTabBarViewController.m */; };
		FEEC7F8015BD94870063D7B4 /* CreateWorkflowViewController.m in Sources */ = {isa = PBXBuildFile; fileRef = FEEC7F8015BD94870063D7B3 /* CreateWorkflowViewController.m */; };
		FEEC7F8015BD94870063D7B7 /* WorkflowStepsTableDelegate.m in Sources */ = {isa = PBXBuildFile; fileRef = FEEC7F8015BD94870063D7B6 /* WorkflowStepsTableDelegate.m */; };
		FEEC7F8015BD94870063D7BB /* WorkflowStepTableCell.m in Sources */ = {isa = PBXBuildFile; fileRef = FEEC7F8015BD94870063D7BA /* WorkflowStepTableCell.m */; };
		FEEC7F8015BD94870063D7C2 /* KickstartRestService.m in Sources */ = {isa = PBXBuildFile; fileRef = FEEC7F8015BD94870063D7C1 /* KickstartRestService.m */; };
		FEEC7F8015BD94870063D7C5 /* JsonUtil.m in Sources */ = {isa = PBXBuildFile; fileRef = FEEC7F8015BD94870063D7C4 /* JsonUtil.m */; };
		FEF5D09015C0222200734667 /* Settings.bundle in Resources */ = {isa = PBXBuildFile; fileRef = FEF5D08F15C0222200734667 /* Settings.bundle */; };
		FEF5D09015C0222200734669 /* HttpUtil.m in Sources */ = {isa = PBXBuildFile; fileRef = FEF5D09015C0222200734668 /* HttpUtil.m */; };
		FEF5D09015C022220073466C /* WorkflowStepNameTextFieldHandler.m in Sources */ = {isa = PBXBuildFile; fileRef = FEF5D09015C022220073466B /* WorkflowStepNameTextFieldHandler.m */; };
		FEF5D09015C0222200734674 /* Workflow.m in Sources */ = {isa = PBXBuildFile; fileRef = FEF5D09015C0222200734673 /* Workflow.m */; };
		FEF5D09015C0222200734677 /* WorkflowTask.m in Sources */ = {isa = PBXBuildFile; fileRef = FEF5D09015C0222200734676 /* WorkflowTask.m */; };
		FEF5D09015C022220073467A /* FormTableDelegate.m in Sources */ = {isa = PBXBuildFile; fileRef = FEF5D09015C0222200734679 /* FormTableDelegate.m */; };
		FEF5D09015C022220073467D /* FormEntryCell.m in Sources */ = {isa = PBXBuildFile; fileRef = FEF5D09015C022220073467C /* FormEntryCell.m */; };
		FEF5D09015C0222200734681 /* FormEntry.m in Sources */ = {isa = PBXBuildFile; fileRef = FEF5D09015C0222200734680 /* FormEntry.m */; };
		FEF5D09015C0222200734684 /* FormController.m in Sources */ = {isa = PBXBuildFile; fileRef = FEF5D09015C0222200734683 /* FormController.m */; };
		FEF5D09015C0222200734688 /* add.png in Resources */ = {isa = PBXBuildFile; fileRef = FEF5D09015C0222200734687 /* add.png */; };
		FEF5D09015C022220073468C /* tabbar-add-process.png in Resources */ = {isa = PBXBuildFile; fileRef = FEF5D09015C022220073468B /* tabbar-add-process.png */; };
		FEF5D09015C022220073468E /* tabbar-add-process@2x.png in Resources */ = {isa = PBXBuildFile; fileRef = FEF5D09015C022220073468D /* tabbar-add-process@2x.png */; };
		FEF5D09015C0222200734690 /* tabbar-home.png in Resources */ = {isa = PBXBuildFile; fileRef = FEF5D09015C022220073468F /* tabbar-home.png */; };
		FEF5D09015C0222200734692 /* tabbar-home@2x.png in Resources */ = {isa = PBXBuildFile; fileRef = FEF5D09015C0222200734691 /* tabbar-home@2x.png */; };
		FEF5D09015C0222200734698 /* tabbar-tasks.png in Resources */ = {isa = PBXBuildFile; fileRef = FEF5D09015C0222200734697 /* tabbar-tasks.png */; };
		FEF5D09015C022220073469A /* tabbar-tasks@2x.png in Resources */ = {isa = PBXBuildFile; fileRef = FEF5D09015C0222200734699 /* tabbar-tasks@2x.png */; };
		FEF5D09015C02222007346A0 /* paperclip.png in Resources */ = {isa = PBXBuildFile; fileRef = FEF5D09015C022220073469F /* paperclip.png */; };
		FEF5D09015C02222007346A2 /* paperclip@2x.png in Resources */ = {isa = PBXBuildFile; fileRef = FEF5D09015C02222007346A1 /* paperclip@2x.png */; };
		FEF5D09015C02222007346A4 /* UserView.m in Sources */ = {isa = PBXBuildFile; fileRef = FEF5D09015C02222007346A3 /* UserView.m */; };
		FEF5D09015C02222007346A7 /* joram.jpg in Resources */ = {isa = PBXBuildFile; fileRef = FEF5D09015C02222007346A6 /* joram.jpg */; };
		FEF5D09015C02222007346AC /* UserSelectionViewController.m in Sources */ = {isa = PBXBuildFile; fileRef = FEF5D09015C02222007346AB /* UserSelectionViewController.m */; };
		FEF5D09015C02222007346AF /* arthur.png in Resources */ = {isa = PBXBuildFile; fileRef = FEF5D09015C02222007346AE /* arthur.png */; };
		FEF5D09015C02222007346B1 /* david.jpg in Resources */ = {isa = PBXBuildFile; fileRef = FEF5D09015C02222007346B0 /* david.jpg */; };
		FEF5D09015C02222007346B3 /* fred.jpg in Resources */ = {isa = PBXBuildFile; fileRef = FEF5D09015C02222007346B2 /* fred.jpg */; };
		FEF5D09015C02222007346B5 /* john_newton.jpg in Resources */ = {isa = PBXBuildFile; fileRef = FEF5D09015C02222007346B4 /* john_newton.jpg */; };
		FEF5D09015C02222007346B7 /* paul.jpg in Resources */ = {isa = PBXBuildFile; fileRef = FEF5D09015C02222007346B6 /* paul.jpg */; };
		FEF5D09015C02222007346B9 /* tijs.jpg in Resources */ = {isa = PBXBuildFile; fileRef = FEF5D09015C02222007346B8 /* tijs.jpg */; };
		FEF5D09015C02222007346BB /* tom.jpg in Resources */ = {isa = PBXBuildFile; fileRef = FEF5D09015C02222007346BA /* tom.jpg */; };
/* End PBXBuildFile section */

/* Begin PBXFileReference section */
		941BE048A5A95B846072BB09 /* MBProgressHUD.h */ = {isa = PBXFileReference; fileEncoding = 4; lastKnownFileType = sourcecode.c.h; path = MBProgressHUD.h; sourceTree = "<group>"; };
		941BE0658516051FCFE74B1F /* UIAlertView+BlockExtensions.m */ = {isa = PBXFileReference; fileEncoding = 4; lastKnownFileType = sourcecode.c.objc; path = "UIAlertView+BlockExtensions.m"; sourceTree = "<group>"; };
		941BE4900D642EA02A008575 /* close.png */ = {isa = PBXFileReference; lastKnownFileType = image.png; path = close.png; sourceTree = "<group>"; };
		941BE52DD548E20F0AFBC832 /* LaunchWorkflowViewController.m */ = {isa = PBXFileReference; fileEncoding = 4; lastKnownFileType = sourcecode.c.objc; path = LaunchWorkflowViewController.m; sourceTree = "<group>"; };
		941BE5AA8ADDA35F74AD5678 /* UIActionSheet+BlockExtensions.h */ = {isa = PBXFileReference; fileEncoding = 4; lastKnownFileType = sourcecode.c.h; path = "UIActionSheet+BlockExtensions.h"; sourceTree = "<group>"; };
		941BE6269785EFE662AE5891 /* trash.png */ = {isa = PBXFileReference; lastKnownFileType = image.png; path = trash.png; sourceTree = "<group>"; };
		941BE747044FF358544F40BD /* ProcessViewController.m */ = {isa = PBXFileReference; fileEncoding = 4; lastKnownFileType = sourcecode.c.objc; path = ProcessViewController.m; sourceTree = "<group>"; };
		941BE754052AABC6C6CBACD6 /* UIActionSheet+BlockExtensions.m */ = {isa = PBXFileReference; fileEncoding = 4; lastKnownFileType = sourcecode.c.objc; path = "UIActionSheet+BlockExtensions.m"; sourceTree = "<group>"; };
		941BE7805C4453F5230C9630 /* ProcessViewController.h */ = {isa = PBXFileReference; fileEncoding = 4; lastKnownFileType = sourcecode.c.h; path = ProcessViewController.h; sourceTree = "<group>"; };
		941BEB0B1A4AAC9C993FB6D1 /* close@2x.png */ = {isa = PBXFileReference; lastKnownFileType = image.png; path = "close@2x.png"; sourceTree = "<group>"; };
		941BEB71E130624FA06BF906 /* MBProgressHUD.m */ = {isa = PBXFileReference; fileEncoding = 4; lastKnownFileType = sourcecode.c.objc; path = MBProgressHUD.m; sourceTree = "<group>"; };
		941BED28105A230216D06D77 /* LaunchWorkflowViewController.h */ = {isa = PBXFileReference; fileEncoding = 4; lastKnownFileType = sourcecode.c.h; path = LaunchWorkflowViewController.h; sourceTree = "<group>"; };
		941BEDBEB85B9BB27CB01428 /* UIAlertView+BlockExtensions.h */ = {isa = PBXFileReference; fileEncoding = 4; lastKnownFileType = sourcecode.c.h; path = "UIAlertView+BlockExtensions.h"; sourceTree = "<group>"; };
		941BEDD9B571A598B20D4F74 /* createWorkflowBig@2x.png */ = {isa = PBXFileReference; lastKnownFileType = image.png; path = "createWorkflowBig@2x.png"; sourceTree = "<group>"; };
		941BEEB9C556A8109A9C5341 /* trash@2x.png */ = {isa = PBXFileReference; lastKnownFileType = image.png; path = "trash@2x.png"; sourceTree = "<group>"; };
		941BEECB7B3CF40601B6FB88 /* createWorkflowBig.png */ = {isa = PBXFileReference; lastKnownFileType = image.png; path = createWorkflowBig.png; sourceTree = "<group>"; };
		FEEC7F5D15BD94870063D7B2 /* Activiti Kickstart.app */ = {isa = PBXFileReference; explicitFileType = wrapper.application; includeInIndex = 0; path = "Activiti Kickstart.app"; sourceTree = BUILT_PRODUCTS_DIR; };
		FEEC7F6115BD94870063D7B2 /* UIKit.framework */ = {isa = PBXFileReference; lastKnownFileType = wrapper.framework; name = UIKit.framework; path = System/Library/Frameworks/UIKit.framework; sourceTree = SDKROOT; };
		FEEC7F6315BD94870063D7B2 /* Foundation.framework */ = {isa = PBXFileReference; lastKnownFileType = wrapper.framework; name = Foundation.framework; path = System/Library/Frameworks/Foundation.framework; sourceTree = SDKROOT; };
		FEEC7F6515BD94870063D7B2 /* CoreGraphics.framework */ = {isa = PBXFileReference; lastKnownFileType = wrapper.framework; name = CoreGraphics.framework; path = System/Library/Frameworks/CoreGraphics.framework; sourceTree = SDKROOT; };
		FEEC7F6915BD94870063D7B2 /* Activiti Kickstart-Info.plist */ = {isa = PBXFileReference; lastKnownFileType = text.plist.xml; path = "Activiti Kickstart-Info.plist"; sourceTree = "<group>"; };
		FEEC7F6B15BD94870063D7B2 /* en */ = {isa = PBXFileReference; lastKnownFileType = text.plist.strings; name = en; path = en.lproj/InfoPlist.strings; sourceTree = "<group>"; };
		FEEC7F6D15BD94870063D7B2 /* main.m */ = {isa = PBXFileReference; lastKnownFileType = sourcecode.c.objc; path = main.m; sourceTree = "<group>"; };
		FEEC7F6F15BD94870063D7B2 /* Activiti Kickstart-Prefix.pch */ = {isa = PBXFileReference; lastKnownFileType = sourcecode.c.h; path = "Activiti Kickstart-Prefix.pch"; sourceTree = "<group>"; };
		FEEC7F7015BD94870063D7B2 /* AppDelegate.h */ = {isa = PBXFileReference; lastKnownFileType = sourcecode.c.h; path = AppDelegate.h; sourceTree = "<group>"; };
		FEEC7F7115BD94870063D7B2 /* AppDelegate.m */ = {isa = PBXFileReference; lastKnownFileType = sourcecode.c.objc; path = AppDelegate.m; sourceTree = "<group>"; };
		FEEC7F7315BD94870063D7B2 /* RootTabBarViewController.h */ = {isa = PBXFileReference; lastKnownFileType = sourcecode.c.h; path = RootTabBarViewController.h; sourceTree = "<group>"; };
		FEEC7F7415BD94870063D7B2 /* RootTabBarViewController.m */ = {isa = PBXFileReference; lastKnownFileType = sourcecode.c.objc; path = RootTabBarViewController.m; sourceTree = "<group>"; };
		FEEC7F8015BD94870063D7B3 /* CreateWorkflowViewController.m */ = {isa = PBXFileReference; fileEncoding = 4; lastKnownFileType = sourcecode.c.objc; path = CreateWorkflowViewController.m; sourceTree = "<group>"; };
		FEEC7F8015BD94870063D7B5 /* CreateWorkflowViewController.h */ = {isa = PBXFileReference; fileEncoding = 4; lastKnownFileType = sourcecode.c.h; path = CreateWorkflowViewController.h; sourceTree = "<group>"; };
		FEEC7F8015BD94870063D7B6 /* WorkflowStepsTableDelegate.m */ = {isa = PBXFileReference; fileEncoding = 4; lastKnownFileType = sourcecode.c.objc; path = WorkflowStepsTableDelegate.m; sourceTree = "<group>"; };
		FEEC7F8015BD94870063D7B8 /* WorkflowStepsTableDelegate.h */ = {isa = PBXFileReference; fileEncoding = 4; lastKnownFileType = sourcecode.c.h; path = WorkflowStepsTableDelegate.h; sourceTree = "<group>"; };
		FEEC7F8015BD94870063D7BA /* WorkflowStepTableCell.m */ = {isa = PBXFileReference; fileEncoding = 4; lastKnownFileType = sourcecode.c.objc; path = WorkflowStepTableCell.m; sourceTree = "<group>"; };
		FEEC7F8015BD94870063D7BC /* WorkflowStepTableCell.h */ = {isa = PBXFileReference; fileEncoding = 4; lastKnownFileType = sourcecode.c.h; path = WorkflowStepTableCell.h; sourceTree = "<group>"; };
		FEEC7F8015BD94870063D7C1 /* KickstartRestService.m */ = {isa = PBXFileReference; fileEncoding = 4; lastKnownFileType = sourcecode.c.objc; path = KickstartRestService.m; sourceTree = "<group>"; };
		FEEC7F8015BD94870063D7C3 /* KickstartRestService.h */ = {isa = PBXFileReference; fileEncoding = 4; lastKnownFileType = sourcecode.c.h; path = KickstartRestService.h; sourceTree = "<group>"; };
		FEEC7F8015BD94870063D7C4 /* JsonUtil.m */ = {isa = PBXFileReference; fileEncoding = 4; lastKnownFileType = sourcecode.c.objc; path = JsonUtil.m; sourceTree = "<group>"; };
		FEEC7F8015BD94870063D7C6 /* JsonUtil.h */ = {isa = PBXFileReference; fileEncoding = 4; lastKnownFileType = sourcecode.c.h; path = JsonUtil.h; sourceTree = "<group>"; };
		FEF5D08F15C0222200734667 /* Settings.bundle */ = {isa = PBXFileReference; lastKnownFileType = "wrapper.plug-in"; path = Settings.bundle; sourceTree = "<group>"; };
		FEF5D09015C0222200734668 /* HttpUtil.m */ = {isa = PBXFileReference; fileEncoding = 4; lastKnownFileType = sourcecode.c.objc; path = HttpUtil.m; sourceTree = "<group>"; };
		FEF5D09015C022220073466A /* HttpUtil.h */ = {isa = PBXFileReference; fileEncoding = 4; lastKnownFileType = sourcecode.c.h; path = HttpUtil.h; sourceTree = "<group>"; };
		FEF5D09015C022220073466B /* WorkflowStepNameTextFieldHandler.m */ = {isa = PBXFileReference; fileEncoding = 4; lastKnownFileType = sourcecode.c.objc; path = WorkflowStepNameTextFieldHandler.m; sourceTree = "<group>"; };
		FEF5D09015C022220073466D /* WorkflowStepNameTextFieldHandler.h */ = {isa = PBXFileReference; fileEncoding = 4; lastKnownFileType = sourcecode.c.h; path = WorkflowStepNameTextFieldHandler.h; sourceTree = "<group>"; };
		FEF5D09015C022220073466F /* WorkflowCreationDelegate.h */ = {isa = PBXFileReference; fileEncoding = 4; lastKnownFileType = sourcecode.c.h; path = WorkflowCreationDelegate.h; sourceTree = "<group>"; };
		FEF5D09015C0222200734673 /* Workflow.m */ = {isa = PBXFileReference; fileEncoding = 4; lastKnownFileType = sourcecode.c.objc; path = Workflow.m; sourceTree = "<group>"; };
		FEF5D09015C0222200734675 /* Workflow.h */ = {isa = PBXFileReference; fileEncoding = 4; lastKnownFileType = sourcecode.c.h; path = Workflow.h; sourceTree = "<group>"; };
		FEF5D09015C0222200734676 /* WorkflowTask.m */ = {isa = PBXFileReference; fileEncoding = 4; lastKnownFileType = sourcecode.c.objc; path = WorkflowTask.m; sourceTree = "<group>"; };
		FEF5D09015C0222200734678 /* WorkflowTask.h */ = {isa = PBXFileReference; fileEncoding = 4; lastKnownFileType = sourcecode.c.h; path = WorkflowTask.h; sourceTree = "<group>"; };
		FEF5D09015C0222200734679 /* FormTableDelegate.m */ = {isa = PBXFileReference; fileEncoding = 4; lastKnownFileType = sourcecode.c.objc; path = FormTableDelegate.m; sourceTree = "<group>"; };
		FEF5D09015C022220073467B /* FormTableDelegate.h */ = {isa = PBXFileReference; fileEncoding = 4; lastKnownFileType = sourcecode.c.h; path = FormTableDelegate.h; sourceTree = "<group>"; };
		FEF5D09015C022220073467C /* FormEntryCell.m */ = {isa = PBXFileReference; fileEncoding = 4; lastKnownFileType = sourcecode.c.objc; path = FormEntryCell.m; sourceTree = "<group>"; };
		FEF5D09015C022220073467E /* FormEntryCell.h */ = {isa = PBXFileReference; fileEncoding = 4; lastKnownFileType = sourcecode.c.h; path = FormEntryCell.h; sourceTree = "<group>"; };
		FEF5D09015C0222200734680 /* FormEntry.m */ = {isa = PBXFileReference; fileEncoding = 4; lastKnownFileType = sourcecode.c.objc; path = FormEntry.m; sourceTree = "<group>"; };
		FEF5D09015C0222200734682 /* FormEntry.h */ = {isa = PBXFileReference; fileEncoding = 4; lastKnownFileType = sourcecode.c.h; path = FormEntry.h; sourceTree = "<group>"; };
		FEF5D09015C0222200734683 /* FormController.m */ = {isa = PBXFileReference; fileEncoding = 4; lastKnownFileType = sourcecode.c.objc; path = FormController.m; sourceTree = "<group>"; };
		FEF5D09015C0222200734685 /* FormController.h */ = {isa = PBXFileReference; fileEncoding = 4; lastKnownFileType = sourcecode.c.h; path = FormController.h; sourceTree = "<group>"; };
		FEF5D09015C0222200734687 /* add.png */ = {isa = PBXFileReference; lastKnownFileType = image.png; path = add.png; sourceTree = "<group>"; };
		FEF5D09015C022220073468B /* tabbar-add-process.png */ = {isa = PBXFileReference; lastKnownFileType = image.png; path = "tabbar-add-process.png"; sourceTree = "<group>"; };
		FEF5D09015C022220073468D /* tabbar-add-process@2x.png */ = {isa = PBXFileReference; lastKnownFileType = image.png; path = "tabbar-add-process@2x.png"; sourceTree = "<group>"; };
		FEF5D09015C022220073468F /* tabbar-home.png */ = {isa = PBXFileReference; lastKnownFileType = image.png; path = "tabbar-home.png"; sourceTree = "<group>"; };
		FEF5D09015C0222200734691 /* tabbar-home@2x.png */ = {isa = PBXFileReference; lastKnownFileType = image.png; path = "tabbar-home@2x.png"; sourceTree = "<group>"; };
		FEF5D09015C0222200734697 /* tabbar-tasks.png */ = {isa = PBXFileReference; lastKnownFileType = image.png; path = "tabbar-tasks.png"; sourceTree = "<group>"; };
		FEF5D09015C0222200734699 /* tabbar-tasks@2x.png */ = {isa = PBXFileReference; lastKnownFileType = image.png; path = "tabbar-tasks@2x.png"; sourceTree = "<group>"; };
		FEF5D09015C022220073469F /* paperclip.png */ = {isa = PBXFileReference; lastKnownFileType = image.png; path = paperclip.png; sourceTree = "<group>"; };
		FEF5D09015C02222007346A1 /* paperclip@2x.png */ = {isa = PBXFileReference; lastKnownFileType = image.png; path = "paperclip@2x.png"; sourceTree = "<group>"; };
		FEF5D09015C02222007346A3 /* UserView.m */ = {isa = PBXFileReference; fileEncoding = 4; lastKnownFileType = sourcecode.c.objc; path = UserView.m; sourceTree = "<group>"; };
		FEF5D09015C02222007346A5 /* UserView.h */ = {isa = PBXFileReference; fileEncoding = 4; lastKnownFileType = sourcecode.c.h; path = UserView.h; sourceTree = "<group>"; };
		FEF5D09015C02222007346A6 /* joram.jpg */ = {isa = PBXFileReference; lastKnownFileType = image.jpeg; path = joram.jpg; sourceTree = "<group>"; };
		FEF5D09015C02222007346AB /* UserSelectionViewController.m */ = {isa = PBXFileReference; fileEncoding = 4; lastKnownFileType = sourcecode.c.objc; path = UserSelectionViewController.m; sourceTree = "<group>"; };
		FEF5D09015C02222007346AD /* UserSelectionViewController.h */ = {isa = PBXFileReference; fileEncoding = 4; lastKnownFileType = sourcecode.c.h; path = UserSelectionViewController.h; sourceTree = "<group>"; };
		FEF5D09015C02222007346AE /* arthur.png */ = {isa = PBXFileReference; lastKnownFileType = image.png; path = arthur.png; sourceTree = "<group>"; };
		FEF5D09015C02222007346B0 /* david.jpg */ = {isa = PBXFileReference; lastKnownFileType = image.jpeg; path = david.jpg; sourceTree = "<group>"; };
		FEF5D09015C02222007346B2 /* fred.jpg */ = {isa = PBXFileReference; lastKnownFileType = image.jpeg; path = fred.jpg; sourceTree = "<group>"; };
		FEF5D09015C02222007346B4 /* john_newton.jpg */ = {isa = PBXFileReference; lastKnownFileType = image.jpeg; path = john_newton.jpg; sourceTree = "<group>"; };
		FEF5D09015C02222007346B6 /* paul.jpg */ = {isa = PBXFileReference; lastKnownFileType = image.jpeg; path = paul.jpg; sourceTree = "<group>"; };
		FEF5D09015C02222007346B8 /* tijs.jpg */ = {isa = PBXFileReference; lastKnownFileType = image.jpeg; path = tijs.jpg; sourceTree = "<group>"; };
		FEF5D09015C02222007346BA /* tom.jpg */ = {isa = PBXFileReference; lastKnownFileType = image.jpeg; path = tom.jpg; sourceTree = "<group>"; };
/* End PBXFileReference section */

/* Begin PBXFrameworksBuildPhase section */
		FEEC7F5A15BD94870063D7B2 /* Frameworks */ = {
			isa = PBXFrameworksBuildPhase;
			buildActionMask = 2147483647;
			files = (
				FEEC7F6215BD94870063D7B2 /* UIKit.framework in Frameworks */,
				FEEC7F6415BD94870063D7B2 /* Foundation.framework in Frameworks */,
				FEEC7F6615BD94870063D7B2 /* CoreGraphics.framework in Frameworks */,
			);
			runOnlyForDeploymentPostprocessing = 0;
		};
/* End PBXFrameworksBuildPhase section */

/* Begin PBXGroup section */
		941BE158D2324B7FE1ECA5D0 /* MBProgessHUD */ = {
			isa = PBXGroup;
			children = (
				941BEB71E130624FA06BF906 /* MBProgressHUD.m */,
				941BE048A5A95B846072BB09 /* MBProgressHUD.h */,
			);
			path = MBProgessHUD;
			sourceTree = "<group>";
		};
		941BEB529DA9B07623F4A4C1 /* ThirdParty */ = {
			isa = PBXGroup;
			children = (
				941BE158D2324B7FE1ECA5D0 /* MBProgessHUD */,
				941BED685F99B2955E9CA894 /* BlockExtensions */,
			);
			path = ThirdParty;
			sourceTree = "<group>";
		};
		941BED685F99B2955E9CA894 /* BlockExtensions */ = {
			isa = PBXGroup;
			children = (
				941BE0658516051FCFE74B1F /* UIAlertView+BlockExtensions.m */,
				941BEDBEB85B9BB27CB01428 /* UIAlertView+BlockExtensions.h */,
				941BE754052AABC6C6CBACD6 /* UIActionSheet+BlockExtensions.m */,
				941BE5AA8ADDA35F74AD5678 /* UIActionSheet+BlockExtensions.h */,
			);
			path = BlockExtensions;
			sourceTree = "<group>";
		};
		941BED8756F1995C94FC7AEE /* process */ = {
			isa = PBXGroup;
			children = (
				941BE747044FF358544F40BD /* ProcessViewController.m */,
				941BE7805C4453F5230C9630 /* ProcessViewController.h */,
			);
			path = process;
			sourceTree = "<group>";
		};
		FEEC7F5215BD94870063D7B2 = {
			isa = PBXGroup;
			children = (
				FEEC7F6715BD94870063D7B2 /* Activiti Kickstart */,
				FEEC7F6015BD94870063D7B2 /* Frameworks */,
				FEEC7F5E15BD94870063D7B2 /* Products */,
				FEF5D09015C0222200734686 /* resources */,
				941BEB529DA9B07623F4A4C1 /* ThirdParty */,
			);
			sourceTree = "<group>";
		};
		FEEC7F5E15BD94870063D7B2 /* Products */ = {
			isa = PBXGroup;
			children = (
				FEEC7F5D15BD94870063D7B2 /* Activiti Kickstart.app */,
			);
			name = Products;
			sourceTree = "<group>";
		};
		FEEC7F6015BD94870063D7B2 /* Frameworks */ = {
			isa = PBXGroup;
			children = (
				FEEC7F6115BD94870063D7B2 /* UIKit.framework */,
				FEEC7F6315BD94870063D7B2 /* Foundation.framework */,
				FEEC7F6515BD94870063D7B2 /* CoreGraphics.framework */,
			);
			name = Frameworks;
			sourceTree = "<group>";
		};
		FEEC7F6715BD94870063D7B2 /* Activiti Kickstart */ = {
			isa = PBXGroup;
			children = (
				FEEC7F7015BD94870063D7B2 /* AppDelegate.h */,
				FEEC7F7115BD94870063D7B2 /* AppDelegate.m */,
				FEEC7F7315BD94870063D7B2 /* RootTabBarViewController.h */,
				FEEC7F7415BD94870063D7B2 /* RootTabBarViewController.m */,
				FEEC7F6815BD94870063D7B2 /* Supporting Files */,
				FEEC7F8015BD94870063D7B9 /* workflow-creation */,
				FEEC7F8015BD94870063D7BD /* services */,
				941BED8756F1995C94FC7AEE /* process */,
			);
			path = "Activiti Kickstart";
			sourceTree = "<group>";
		};
		FEEC7F6815BD94870063D7B2 /* Supporting Files */ = {
			isa = PBXGroup;
			children = (
				FEF5D08F15C0222200734667 /* Settings.bundle */,
				FEEC7F6915BD94870063D7B2 /* Activiti Kickstart-Info.plist */,
				FEEC7F6A15BD94870063D7B2 /* InfoPlist.strings */,
				FEEC7F6D15BD94870063D7B2 /* main.m */,
				FEEC7F6F15BD94870063D7B2 /* Activiti Kickstart-Prefix.pch */,
			);
			name = "Supporting Files";
			sourceTree = "<group>";
		};
		FEEC7F8015BD94870063D7B9 /* workflow-creation */ = {
			isa = PBXGroup;
			children = (
				941BED28105A230216D06D77 /* LaunchWorkflowViewController.h */,
				941BE52DD548E20F0AFBC832 /* LaunchWorkflowViewController.m */,
				FEF5D09015C02222007346AD /* UserSelectionViewController.h */,
				FEF5D09015C02222007346AB /* UserSelectionViewController.m */,
				FEF5D09015C02222007346A5 /* UserView.h */,
				FEF5D09015C02222007346A3 /* UserView.m */,
				FEF5D09015C0222200734685 /* FormController.h */,
				FEF5D09015C0222200734683 /* FormController.m */,
				FEF5D09015C022220073467E /* FormEntryCell.h */,
				FEF5D09015C022220073467C /* FormEntryCell.m */,
				FEF5D09015C022220073467B /* FormTableDelegate.h */,
				FEF5D09015C0222200734679 /* FormTableDelegate.m */,
				FEF5D09015C022220073466F /* WorkflowCreationDelegate.h */,
				FEF5D09015C022220073466D /* WorkflowStepNameTextFieldHandler.h */,
				FEF5D09015C022220073466B /* WorkflowStepNameTextFieldHandler.m */,
				FEEC7F8015BD94870063D7BC /* WorkflowStepTableCell.h */,
				FEEC7F8015BD94870063D7BA /* WorkflowStepTableCell.m */,
				FEEC7F8015BD94870063D7B6 /* WorkflowStepsTableDelegate.m */,
				FEEC7F8015BD94870063D7B8 /* WorkflowStepsTableDelegate.h */,
				FEEC7F8015BD94870063D7B3 /* CreateWorkflowViewController.m */,
				FEEC7F8015BD94870063D7B5 /* CreateWorkflowViewController.h */,
				FEF5D09015C022220073467F /* model */,
			);
			path = "workflow-creation";
			sourceTree = "<group>";
		};
		FEEC7F8015BD94870063D7BD /* services */ = {
			isa = PBXGroup;
			children = (
				FEF5D09015C022220073466A /* HttpUtil.h */,
				FEF5D09015C0222200734668 /* HttpUtil.m */,
				FEEC7F8015BD94870063D7C6 /* JsonUtil.h */,
				FEEC7F8015BD94870063D7C4 /* JsonUtil.m */,
				FEEC7F8015BD94870063D7C3 /* KickstartRestService.h */,
				FEEC7F8015BD94870063D7C1 /* KickstartRestService.m */,
			);
			path = services;
			sourceTree = "<group>";
		};
		FEF5D09015C022220073467F /* model */ = {
			isa = PBXGroup;
			children = (
				FEF5D09015C0222200734682 /* FormEntry.h */,
				FEF5D09015C0222200734680 /* FormEntry.m */,
				FEF5D09015C0222200734676 /* WorkflowTask.m */,
				FEF5D09015C0222200734678 /* WorkflowTask.h */,
				FEF5D09015C0222200734673 /* Workflow.m */,
				FEF5D09015C0222200734675 /* Workflow.h */,
			);
			path = model;
			sourceTree = "<group>";
		};
		FEF5D09015C0222200734686 /* resources */ = {
			isa = PBXGroup;
			children = (
				941BEB0B1A4AAC9C993FB6D1 /* close@2x.png */,
				941BE4900D642EA02A008575 /* close.png */,
				941BEDD9B571A598B20D4F74 /* createWorkflowBig@2x.png */,
				941BEECB7B3CF40601B6FB88 /* createWorkflowBig.png */,
				941BEEB9C556A8109A9C5341 /* trash@2x.png */,
				941BE6269785EFE662AE5891 /* trash.png */,
				FEF5D09015C02222007346BA /* tom.jpg */,
				FEF5D09015C02222007346B8 /* tijs.jpg */,
				FEF5D09015C02222007346B6 /* paul.jpg */,
				FEF5D09015C02222007346B4 /* john_newton.jpg */,
				FEF5D09015C02222007346B2 /* fred.jpg */,
				FEF5D09015C02222007346B0 /* david.jpg */,
				FEF5D09015C02222007346AE /* arthur.png */,
				FEF5D09015C02222007346A6 /* joram.jpg */,
				FEF5D09015C02222007346A1 /* paperclip@2x.png */,
				FEF5D09015C022220073469F /* paperclip.png */,
				FEF5D09015C0222200734699 /* tabbar-tasks@2x.png */,
				FEF5D09015C0222200734697 /* tabbar-tasks.png */,
				FEF5D09015C0222200734691 /* tabbar-home@2x.png */,
				FEF5D09015C022220073468F /* tabbar-home.png */,
				FEF5D09015C022220073468D /* tabbar-add-process@2x.png */,
				FEF5D09015C022220073468B /* tabbar-add-process.png */,
				FEF5D09015C0222200734687 /* add.png */,
			);
			path = resources;
			sourceTree = "<group>";
		};
/* End PBXGroup section */

/* Begin PBXNativeTarget section */
		FEEC7F5C15BD94870063D7B2 /* Activiti Kickstart */ = {
			isa = PBXNativeTarget;
			buildConfigurationList = FEEC7F7E15BD94870063D7B2 /* Build configuration list for PBXNativeTarget "Activiti Kickstart" */;
			buildPhases = (
				FEEC7F5915BD94870063D7B2 /* Sources */,
				FEEC7F5A15BD94870063D7B2 /* Frameworks */,
				FEEC7F5B15BD94870063D7B2 /* Resources */,
			);
			buildRules = (
			);
			dependencies = (
			);
			name = "Activiti Kickstart";
			productName = "Activiti Kickstart";
			productReference = FEEC7F5D15BD94870063D7B2 /* Activiti Kickstart.app */;
			productType = "com.apple.product-type.application";
		};
/* End PBXNativeTarget section */

/* Begin PBXProject section */
		FEEC7F5415BD94870063D7B2 /* Project object */ = {
			isa = PBXProject;
			attributes = {
				LastUpgradeCheck = 0430;
				ORGANIZATIONNAME = Alfresco;
			};
			buildConfigurationList = FEEC7F5715BD94870063D7B2 /* Build configuration list for PBXProject "Activiti Kickstart" */;
			compatibilityVersion = "Xcode 3.2";
			developmentRegion = English;
			hasScannedForEncodings = 0;
			knownRegions = (
				en,
			);
			mainGroup = FEEC7F5215BD94870063D7B2;
			productRefGroup = FEEC7F5E15BD94870063D7B2 /* Products */;
			projectDirPath = "";
			projectRoot = "";
			targets = (
				FEEC7F5C15BD94870063D7B2 /* Activiti Kickstart */,
			);
		};
/* End PBXProject section */

/* Begin PBXResourcesBuildPhase section */
		FEEC7F5B15BD94870063D7B2 /* Resources */ = {
			isa = PBXResourcesBuildPhase;
			buildActionMask = 2147483647;
			files = (
				FEEC7F6C15BD94870063D7B2 /* InfoPlist.strings in Resources */,
				FEF5D09015C0222200734667 /* Settings.bundle in Resources */,
				FEF5D09015C0222200734688 /* add.png in Resources */,
				FEF5D09015C022220073468C /* tabbar-add-process.png in Resources */,
				FEF5D09015C022220073468E /* tabbar-add-process@2x.png in Resources */,
				FEF5D09015C0222200734690 /* tabbar-home.png in Resources */,
				FEF5D09015C0222200734692 /* tabbar-home@2x.png in Resources */,
				FEF5D09015C0222200734698 /* tabbar-tasks.png in Resources */,
				FEF5D09015C022220073469A /* tabbar-tasks@2x.png in Resources */,
				FEF5D09015C02222007346A0 /* paperclip.png in Resources */,
				FEF5D09015C02222007346A2 /* paperclip@2x.png in Resources */,
				FEF5D09015C02222007346A7 /* joram.jpg in Resources */,
				FEF5D09015C02222007346AF /* arthur.png in Resources */,
				FEF5D09015C02222007346B1 /* david.jpg in Resources */,
				FEF5D09015C02222007346B3 /* fred.jpg in Resources */,
				FEF5D09015C02222007346B5 /* john_newton.jpg in Resources */,
				FEF5D09015C02222007346B7 /* paul.jpg in Resources */,
				FEF5D09015C02222007346B9 /* tijs.jpg in Resources */,
				FEF5D09015C02222007346BB /* tom.jpg in Resources */,
				941BE4804CDB0734B3BAE3C1 /* trash.png in Resources */,
				941BE537DBE3435D049F24D1 /* trash@2x.png in Resources */,
				941BEEEC343785D6F1108E62 /* createWorkflowBig.png in Resources */,
				941BEC40100F63B3917E36A3 /* createWorkflowBig@2x.png in Resources */,
				941BE1F9CB28E5EFEC4C8F05 /* close.png in Resources */,
				941BE0E6322C46C92454C3A5 /* close@2x.png in Resources */,
			);
			runOnlyForDeploymentPostprocessing = 0;
		};
/* End PBXResourcesBuildPhase section */

/* Begin PBXSourcesBuildPhase section */
		FEEC7F5915BD94870063D7B2 /* Sources */ = {
			isa = PBXSourcesBuildPhase;
			buildActionMask = 2147483647;
			files = (
				FEEC7F6E15BD94870063D7B2 /* main.m in Sources */,
				FEEC7F7215BD94870063D7B2 /* AppDelegate.m in Sources */,
				FEEC7F7515BD94870063D7B2 /* RootTabBarViewController.m in Sources */,
				FEEC7F8015BD94870063D7B4 /* CreateWorkflowViewController.m in Sources */,
				FEEC7F8015BD94870063D7B7 /* WorkflowStepsTableDelegate.m in Sources */,
				FEEC7F8015BD94870063D7BB /* WorkflowStepTableCell.m in Sources */,
				FEEC7F8015BD94870063D7C2 /* KickstartRestService.m in Sources */,
				FEEC7F8015BD94870063D7C5 /* JsonUtil.m in Sources */,
				FEF5D09015C0222200734669 /* HttpUtil.m in Sources */,
				FEF5D09015C022220073466C /* WorkflowStepNameTextFieldHandler.m in Sources */,
				FEF5D09015C0222200734674 /* Workflow.m in Sources */,
				FEF5D09015C0222200734677 /* WorkflowTask.m in Sources */,
				FEF5D09015C022220073467A /* FormTableDelegate.m in Sources */,
				FEF5D09015C022220073467D /* FormEntryCell.m in Sources */,
				FEF5D09015C0222200734681 /* FormEntry.m in Sources */,
				FEF5D09015C0222200734684 /* FormController.m in Sources */,
				FEF5D09015C02222007346A4 /* UserView.m in Sources */,
				FEF5D09015C02222007346AC /* UserSelectionViewController.m in Sources */,
				941BE7A822C2A51F37996217 /* MBProgressHUD.m in Sources */,
				941BE709429525707BC8E56B /* ProcessViewController.m in Sources */,
				941BE4FB7C205A2E9E7ABDAD /* UIActionSheet+BlockExtensions.m in Sources */,
				941BEF90BECEFDC651B969B5 /* UIAlertView+BlockExtensions.m in Sources */,
				941BED45FF65A86F13E30EA1 /* LaunchWorkflowViewController.m in Sources */,
			);
			runOnlyForDeploymentPostprocessing = 0;
		};
/* End PBXSourcesBuildPhase section */

/* Begin PBXVariantGroup section */
		FEEC7F6A15BD94870063D7B2 /* InfoPlist.strings */ = {
			isa = PBXVariantGroup;
			children = (
				FEEC7F6B15BD94870063D7B2 /* en */,
			);
			name = InfoPlist.strings;
			sourceTree = "<group>";
		};
/* End PBXVariantGroup section */

/* Begin XCBuildConfiguration section */
		FEEC7F7C15BD94870063D7B2 /* Debug */ = {
			isa = XCBuildConfiguration;
			buildSettings = {
				ALWAYS_SEARCH_USER_PATHS = NO;
				ARCHS = "$(ARCHS_STANDARD_32_BIT)";
				CLANG_ENABLE_OBJC_ARC = YES;
				"CODE_SIGN_IDENTITY[sdk=iphoneos*]" = "iPhone Developer";
				COPY_PHASE_STRIP = NO;
				GCC_C_LANGUAGE_STANDARD = gnu99;
				GCC_DYNAMIC_NO_PIC = NO;
				GCC_OPTIMIZATION_LEVEL = 0;
				GCC_PREPROCESSOR_DEFINITIONS = (
					"DEBUG=1",
					"$(inherited)",
				);
				GCC_SYMBOLS_PRIVATE_EXTERN = NO;
				GCC_VERSION = com.apple.compilers.llvm.clang.1_0;
				GCC_WARN_ABOUT_RETURN_TYPE = YES;
				GCC_WARN_UNINITIALIZED_AUTOS = YES;
				GCC_WARN_UNUSED_VARIABLE = YES;
				IPHONEOS_DEPLOYMENT_TARGET = 5.1;
				SDKROOT = iphoneos;
				TARGETED_DEVICE_FAMILY = "1,2";
			};
			name = Debug;
		};
		FEEC7F7D15BD94870063D7B2 /* Release */ = {
			isa = XCBuildConfiguration;
			buildSettings = {
				ALWAYS_SEARCH_USER_PATHS = NO;
				ARCHS = "$(ARCHS_STANDARD_32_BIT)";
				CLANG_ENABLE_OBJC_ARC = YES;
				"CODE_SIGN_IDENTITY[sdk=iphoneos*]" = "iPhone Developer";
				COPY_PHASE_STRIP = YES;
				GCC_C_LANGUAGE_STANDARD = gnu99;
				GCC_VERSION = com.apple.compilers.llvm.clang.1_0;
				GCC_WARN_ABOUT_RETURN_TYPE = YES;
				GCC_WARN_UNINITIALIZED_AUTOS = YES;
				GCC_WARN_UNUSED_VARIABLE = YES;
				IPHONEOS_DEPLOYMENT_TARGET = 5.1;
				OTHER_CFLAGS = "-DNS_BLOCK_ASSERTIONS=1";
				SDKROOT = iphoneos;
				TARGETED_DEVICE_FAMILY = "1,2";
				VALIDATE_PRODUCT = YES;
			};
			name = Release;
		};
		FEEC7F7F15BD94870063D7B2 /* Debug */ = {
			isa = XCBuildConfiguration;
			buildSettings = {
				GCC_PRECOMPILE_PREFIX_HEADER = YES;
				GCC_PREFIX_HEADER = "Activiti Kickstart/Activiti Kickstart-Prefix.pch";
				INFOPLIST_FILE = "Activiti Kickstart/Activiti Kickstart-Info.plist";
				PRODUCT_NAME = "$(TARGET_NAME)";
				TARGETED_DEVICE_FAMILY = 2;
				WRAPPER_EXTENSION = app;
			};
			name = Debug;
		};
		FEEC7F8015BD94870063D7B2 /* Release */ = {
			isa = XCBuildConfiguration;
			buildSettings = {
				GCC_PRECOMPILE_PREFIX_HEADER = YES;
				GCC_PREFIX_HEADER = "Activiti Kickstart/Activiti Kickstart-Prefix.pch";
				INFOPLIST_FILE = "Activiti Kickstart/Activiti Kickstart-Info.plist";
				PRODUCT_NAME = "$(TARGET_NAME)";
				TARGETED_DEVICE_FAMILY = 2;
				WRAPPER_EXTENSION = app;
			};
			name = Release;
		};
/* End XCBuildConfiguration section */

/* Begin XCConfigurationList section */
		FEEC7F5715BD94870063D7B2 /* Build configuration list for PBXProject "Activiti Kickstart" */ = {
			isa = XCConfigurationList;
			buildConfigurations = (
				FEEC7F7C15BD94870063D7B2 /* Debug */,
				FEEC7F7D15BD94870063D7B2 /* Release */,
			);
			defaultConfigurationIsVisible = 0;
			defaultConfigurationName = Release;
		};
		FEEC7F7E15BD94870063D7B2 /* Build configuration list for PBXNativeTarget "Activiti Kickstart" */ = {
			isa = XCConfigurationList;
			buildConfigurations = (
				FEEC7F7F15BD94870063D7B2 /* Debug */,
				FEEC7F8015BD94870063D7B2 /* Release */,
			);
			defaultConfigurationIsVisible = 0;
			defaultConfigurationName = Release;
		};
/* End XCConfigurationList section */
	};
	rootObject = FEEC7F5415BD94870063D7B2 /* Project object */;
}
